
Microsoft Visual Studio Solution File, Format Version 12.00
# Visual Studio 14
VisualStudioVersion = 14.0.25123.0
MinimumVisualStudioVersion = 10.0.40219.1
Project("{2150E333-8FDC-42A3-9474-1A3956D46DE8}") = "_", "_", "{B8CD24E1-1CCE-43EF-B823-91A0C3BC68D8}"
	ProjectSection(SolutionItems) = preProject
		Clear VS Cache.ps1 = Clear VS Cache.ps1
	EndProjectSection
EndProject
Project("{FAE04EC0-301F-11D3-BF4B-00C04F79EFBC}") = "Slalom.Boost.VisualStudio", "Slalom.Boost.VisualStudio\Slalom.Boost.VisualStudio.csproj", "{4B56F34D-9F92-4CFF-B027-CBF3E6ABDAE2}"
EndProject
Project("{FAE04EC0-301F-11D3-BF4B-00C04F79EFBC}") = "Slalom.Boost.VisualStudio.Forms", "Slalom.Boost.VisualStudio.Forms\Slalom.Boost.VisualStudio.Forms.csproj", "{43456877-8D61-40BC-B739-FA49D3AA6428}"
EndProject
Project("{2150E333-8FDC-42A3-9474-1A3956D46DE8}") = "_Framework", "_Framework", "{B3904066-DC5B-4913-A7D8-70782C582737}"
EndProject
Project("{FAE04EC0-301F-11D3-BF4B-00C04F79EFBC}") = "Slalom.Boost", "..\Boost\Slalom.Boost\Slalom.Boost.csproj", "{F2080C0B-D8A8-4430-80EA-427844AB9872}"
EndProject
Project("{FAE04EC0-301F-11D3-BF4B-00C04F79EFBC}") = "Commands", "Slalom.Boost.VisualStudio.Commands\Commands.csproj", "{614C4BCB-7430-438C-BEA2-4B055DB4E1DD}"
EndProject
Project("{FAE04EC0-301F-11D3-BF4B-00C04F79EFBC}") = "Commands.Package", "Slalom.Boost.VisualStudio.Commands.Package\Commands.Package.csproj", "{B70364AB-338C-4E29-B590-0AAAE3DF861B}"
EndProject
Global
	GlobalSection(SolutionConfigurationPlatforms) = preSolution
		Debug|Any CPU = Debug|Any CPU
		Release|Any CPU = Release|Any CPU
	EndGlobalSection
	GlobalSection(ProjectConfigurationPlatforms) = postSolution
		{4B56F34D-9F92-4CFF-B027-CBF3E6ABDAE2}.Debug|Any CPU.ActiveCfg = Debug|Any CPU
		{4B56F34D-9F92-4CFF-B027-CBF3E6ABDAE2}.Debug|Any CPU.Build.0 = Debug|Any CPU
		{4B56F34D-9F92-4CFF-B027-CBF3E6ABDAE2}.Release|Any CPU.ActiveCfg = Release|Any CPU
		{4B56F34D-9F92-4CFF-B027-CBF3E6ABDAE2}.Release|Any CPU.Build.0 = Release|Any CPU
		{43456877-8D61-40BC-B739-FA49D3AA6428}.Debug|Any CPU.ActiveCfg = Debug|Any CPU
		{43456877-8D61-40BC-B739-FA49D3AA6428}.Debug|Any CPU.Build.0 = Debug|Any CPU
		{43456877-8D61-40BC-B739-FA49D3AA6428}.Release|Any CPU.ActiveCfg = Release|Any CPU
		{43456877-8D61-40BC-B739-FA49D3AA6428}.Release|Any CPU.Build.0 = Release|Any CPU
		{F2080C0B-D8A8-4430-80EA-427844AB9872}.Debug|Any CPU.ActiveCfg = Debug|Any CPU
		{F2080C0B-D8A8-4430-80EA-427844AB9872}.Debug|Any CPU.Build.0 = Debug|Any CPU
		{F2080C0B-D8A8-4430-80EA-427844AB9872}.Release|Any CPU.ActiveCfg = Release|Any CPU
		{F2080C0B-D8A8-4430-80EA-427844AB9872}.Release|Any CPU.Build.0 = Release|Any CPU
		{614C4BCB-7430-438C-BEA2-4B055DB4E1DD}.Debug|Any CPU.ActiveCfg = Debug|Any CPU
		{614C4BCB-7430-438C-BEA2-4B055DB4E1DD}.Debug|Any CPU.Build.0 = Debug|Any CPU
		{614C4BCB-7430-438C-BEA2-4B055DB4E1DD}.Release|Any CPU.ActiveCfg = Release|Any CPU
		{614C4BCB-7430-438C-BEA2-4B055DB4E1DD}.Release|Any CPU.Build.0 = Release|Any CPU
		{B70364AB-338C-4E29-B590-0AAAE3DF861B}.Debug|Any CPU.ActiveCfg = Debug|Any CPU
		{B70364AB-338C-4E29-B590-0AAAE3DF861B}.Debug|Any CPU.Build.0 = Debug|Any CPU
		{B70364AB-338C-4E29-B590-0AAAE3DF861B}.Release|Any CPU.ActiveCfg = Release|Any CPU
		{B70364AB-338C-4E29-B590-0AAAE3DF861B}.Release|Any CPU.Build.0 = Release|Any CPU
	EndGlobalSection
	GlobalSection(SolutionProperties) = preSolution
		HideSolutionNode = FALSE
	EndGlobalSection
	GlobalSection(NestedProjects) = preSolution
		{4B56F34D-9F92-4CFF-B027-CBF3E6ABDAE2} = {B3904066-DC5B-4913-A7D8-70782C582737}
		{43456877-8D61-40BC-B739-FA49D3AA6428} = {B3904066-DC5B-4913-A7D8-70782C582737}
		{F2080C0B-D8A8-4430-80EA-427844AB9872} = {B3904066-DC5B-4913-A7D8-70782C582737}
	EndGlobalSection
EndGlobal
